<?xml version="1.0" encoding="utf-8"?>
<Project ToolsVersion="4.0" xmlns="http://schemas.microsoft.com/developer/msbuild/2003">
  <ItemGroup>
    <Filter Include="Source Files">
      <UniqueIdentifier>{962a28ee-f008-4ca7-ab5e-3a9e496456cf}</UniqueIdentifier>
      <Extensions>cpp;c;cxx;rc;def;r;odl;idl;hpj;bat</Extensions>
    </Filter>
    <Filter Include="Header Files">
      <UniqueIdentifier>{a5880119-0f55-4472-ada7-85dd278369ec}</UniqueIdentifier>
      <Extensions>h;hpp;hxx;hm;inl</Extensions>
    </Filter>
    <Filter Include="Resource Files">
      <UniqueIdentifier>{1110ac78-59d4-4823-b605-2f28eeb43356}</UniqueIdentifier>
      <Extensions>ico;cur;bmp;dlg;rc2;rct;bin;rgs;gif;jpg;jpeg;jpe</Extensions>
    </Filter>
  </ItemGroup>
  <ItemGroup>
    <ClCompile Include="src\Board.cpp">
      <Filter>Source Files</Filter>
    </ClCompile>
    <ClCompile Include="src\Connect.cpp">
      <Filter>Source Files</Filter>
    </ClCompile>
    <ClCompile Include="src\FiveChess.cpp">
      <Filter>Source Files</Filter>
    </ClCompile>
    <ClCompile Include="src\FiveChessDlg.cpp">
      <Filter>Source Files</Filter>
    </ClCompile>
    <ClCompile Include="src\Rule.cpp">
      <Filter>Source Files</Filter>
    </ClCompile>
    <ClCompile Include="src\SetupDlg.cpp">
      <Filter>Source Files</Filter>
    </ClCompile>
    <ClCompile Include="src\StdAfx.cpp">
      <Filter>Source Files</Filter>
    </ClCompile>
  </ItemGroup>
  <ItemGroup>
    <ResourceCompile Include="FiveChess.rc">
      <Filter>Source Files</Filter>
    </ResourceCompile>
  </ItemGroup>
  <ItemGroup>
    <ClInclude Include="inc\Board.h">
      <Filter>Header Files</Filter>
    </ClInclude>
    <ClInclude Include="inc\Connect.h">
      <Filter>Header Files</Filter>
    </ClInclude>
    <ClInclude Include="inc\ConnectData.h">
      <Filter>Header Files</Filter>
    </ClInclude>
    <ClInclude Include="inc\FiveChess.h">
      <Filter>Header Files</Filter>
    </ClInclude>
    <ClInclude Include="inc\FiveChessDlg.h">
      <Filter>Header Files</Filter>
    </ClInclude>
    <ClInclude Include="Resource.h">
      <Filter>Header Files</Filter>
    </ClInclude>
    <ClInclude Include="inc\Rule.h">
      <Filter>Header Files</Filter>
    </ClInclude>
    <ClInclude Include="inc\SetupDlg.h">
      <Filter>Header Files</Filter>
    </ClInclude>
    <ClInclude Include="inc\StdAfx.h">
      <Filter>Header Files</Filter>
    </ClInclude>
  </ItemGroup>
  <ItemGroup>
    <Image Include="res\Black.bmp">
      <Filter>Resource Files</Filter>
    </Image>
    <Image Include="res\FiveChess.ico">
      <Filter>Resource Files</Filter>
    </Image>
    <Image Include="res\Table.bmp">
      <Filter>Resource Files</Filter>
    </Image>
    <Image Include="res\White.bmp">
      <Filter>Resource Files</Filter>
    </Image>
  </ItemGroup>
  <ItemGroup>
    <Text Include="ReadMe.txt" />
  </ItemGroup>
  <ItemGroup>
    <CustomBuild Include="res\FiveChess.rc2">
      <Filter>Resource Files</Filter>
    </CustomBuild>
  </ItemGroup>
</Project>